# This file was autogenerated by uv via the following command:
#    uv pip compile pyproject.toml -o uv.lock
aiolimiter==1.2.1
    # via gfeed (pyproject.toml)
annotated-types==0.7.0
    # via pydantic
anyio==4.9.0
    # via httpx
certifi==2025.4.26
    # via
    #   httpcore
    #   httpx
exceptiongroup==1.3.0
    # via anyio
h11==0.16.0
    # via httpcore
hishel==0.1.2
    # via gfeed (pyproject.toml)
httpcore==1.0.9
    # via httpx
httpx==0.28.1
    # via
    #   gfeed (pyproject.toml)
    #   hishel
idna==3.10
    # via
    #   anyio
    #   httpx
loguru==0.7.3
    # via gfeed (pyproject.toml)
lxml==5.4.0
    # via pyopml
pydantic==2.11.5
    # via gfeed (pyproject.toml)
pydantic-core==2.33.2
    # via pydantic
pyopml==1.0.0
    # via gfeed (pyproject.toml)
pyyaml==6.0.2
    # via gfeed (pyproject.toml)
sniffio==1.3.1
    # via anyio
typing-extensions==4.13.2
    # via
    #   anyio
    #   exceptiongroup
    #   pydantic
    #   pydantic-core
    #   typing-inspection
typing-inspection==0.4.1
    # via pydantic
